dependencies:
  espressif/esp_tinyusb:
    component_hash: a8558cc89dae68552cb7a20123ffcb8db81a8a25bd560bc4d5b2f60a12bd6afb
    dependencies:
    - name: idf
      require: private
      version: '>=5.0'
    - name: espressif/tinyusb
      registry_url: https://components.espressif.com
      require: public
      version: '>=0.17.0'
    source:
      registry_url: https://components.espressif.com/
      type: service
    targets:
    - esp32s2
    - esp32s3
    - esp32p4
    - esp32h4
    version: 2.0.1
  espressif/tinyusb:
    component_hash: aec03a6402b66695719fa1121b7d9eee8031922df5c8a3f4b54a51874f65bbd6
    dependencies:
    - name: idf
      require: private
      version: '>=5.0'
    source:
      registry_url: https://components.espressif.com
      type: service
    targets:
    - esp32s2
    - esp32s3
    - esp32p4
    - esp32h4
    version: 0.18.0~5
  idf:
    source:
      type: idf
    version: 5.5.4
direct_dependencies:
- espressif/esp_tinyusb
- idf
manifest_hash: 0647ea02abcf95707dcb5c439bea6195cb2cffe341afcc3c281149a8487e8a39
target: esp32s3
version: 2.0.0
